
Microsoft Visual Studio Solution File, Format Version 12.00
# Visual Studio Version 16
VisualStudioVersion = 16.0.30114.105
MinimumVisualStudioVersion = 10.0.40219.1
Project("{FAE04EC0-301F-11D3-BF4B-00C04F79EFBC}") = "API", "API\API.csproj", "{A59704AE-D4FF-4C58-8457-4A92F1F21FB5}"
EndProject
Project("{FAE04EC0-301F-11D3-BF4B-00C04F79EFBC}") = "Application", "Application\Application.csproj", "{E2B41430-FAA2-4C41-A26C-AB22CEF5DD87}"
EndProject
Project("{FAE04EC0-301F-11D3-BF4B-00C04F79EFBC}") = "Domain", "Domain\Domain.csproj", "{40A04224-638C-4457-ACC4-37E6CB258184}"
EndProject
Project("{FAE04EC0-301F-11D3-BF4B-00C04F79EFBC}") = "Persistence", "Persistence\Persistence.csproj", "{C19362ED-628D-4BF5-B1C0-BAF62F504354}"
EndProject
Global
	GlobalSection(SolutionConfigurationPlatforms) = preSolution
		Debug|Any CPU = Debug|Any CPU
		Release|Any CPU = Release|Any CPU
	EndGlobalSection
	GlobalSection(SolutionProperties) = preSolution
		HideSolutionNode = FALSE
	EndGlobalSection
	GlobalSection(ProjectConfigurationPlatforms) = postSolution
		{A59704AE-D4FF-4C58-8457-4A92F1F21FB5}.Debug|Any CPU.ActiveCfg = Debug|Any CPU
		{A59704AE-D4FF-4C58-8457-4A92F1F21FB5}.Debug|Any CPU.Build.0 = Debug|Any CPU
		{A59704AE-D4FF-4C58-8457-4A92F1F21FB5}.Release|Any CPU.ActiveCfg = Release|Any CPU
		{A59704AE-D4FF-4C58-8457-4A92F1F21FB5}.Release|Any CPU.Build.0 = Release|Any CPU
		{E2B41430-FAA2-4C41-A26C-AB22CEF5DD87}.Debug|Any CPU.ActiveCfg = Debug|Any CPU
		{E2B41430-FAA2-4C41-A26C-AB22CEF5DD87}.Debug|Any CPU.Build.0 = Debug|Any CPU
		{E2B41430-FAA2-4C41-A26C-AB22CEF5DD87}.Release|Any CPU.ActiveCfg = Release|Any CPU
		{E2B41430-FAA2-4C41-A26C-AB22CEF5DD87}.Release|Any CPU.Build.0 = Release|Any CPU
		{40A04224-638C-4457-ACC4-37E6CB258184}.Debug|Any CPU.ActiveCfg = Debug|Any CPU
		{40A04224-638C-4457-ACC4-37E6CB258184}.Debug|Any CPU.Build.0 = Debug|Any CPU
		{40A04224-638C-4457-ACC4-37E6CB258184}.Release|Any CPU.ActiveCfg = Release|Any CPU
		{40A04224-638C-4457-ACC4-37E6CB258184}.Release|Any CPU.Build.0 = Release|Any CPU
		{C19362ED-628D-4BF5-B1C0-BAF62F504354}.Debug|Any CPU.ActiveCfg = Debug|Any CPU
		{C19362ED-628D-4BF5-B1C0-BAF62F504354}.Debug|Any CPU.Build.0 = Debug|Any CPU
		{C19362ED-628D-4BF5-B1C0-BAF62F504354}.Release|Any CPU.ActiveCfg = Release|Any CPU
		{C19362ED-628D-4BF5-B1C0-BAF62F504354}.Release|Any CPU.Build.0 = Release|Any CPU
	EndGlobalSection
EndGlobal
